
Microsoft Visual Studio Solution File, Format Version 12.00
# Visual Studio 15
VisualStudioVersion = 15.0.27428.2002
MinimumVisualStudioVersion = 10.0.40219.1
Project("{FAE04EC0-301F-11D3-BF4B-00C04F79EFBC}") = "SudokuSolver", "SudokuSolver\SudokuSolver.csproj", "{C3556DE7-3124-4995-8BBB-FD9DFF460193}"
EndProject
Global
	GlobalSection(SolutionConfigurationPlatforms) = preSolution
		Debug|Any CPU = Debug|Any CPU
		Release|Any CPU = Release|Any CPU
	EndGlobalSection
	GlobalSection(ProjectConfigurationPlatforms) = postSolution
		{C3556DE7-3124-4995-8BBB-FD9DFF460193}.Debug|Any CPU.ActiveCfg = Debug|Any CPU
		{C3556DE7-3124-4995-8BBB-FD9DFF460193}.Debug|Any CPU.Build.0 = Debug|Any CPU
		{C3556DE7-3124-4995-8BBB-FD9DFF460193}.Release|Any CPU.ActiveCfg = Release|Any CPU
		{C3556DE7-3124-4995-8BBB-FD9DFF460193}.Release|Any CPU.Build.0 = Release|Any CPU
	EndGlobalSection
	GlobalSection(SolutionProperties) = preSolution
		HideSolutionNode = FALSE
	EndGlobalSection
	GlobalSection(ExtensibilityGlobals) = postSolution
		SolutionGuid = {80455E13-5CFE-4045-BADA-AD2B435FC912}
	EndGlobalSection
EndGlobal
