
Microsoft Visual Studio Solution File, Format Version 12.00
# Visual Studio Version 17
VisualStudioVersion = 17.4.33110.190
MinimumVisualStudioVersion = 10.0.40219.1
Project("{9A19103F-16F7-4668-BE54-9A1E7A4F7556}") = "SudokuSolver", "SudokuSolver\SudokuSolver.csproj", "{C3556DE7-3124-4995-8BBB-FD9DFF460193}"
EndProject
Project("{FAE04EC0-301F-11D3-BF4B-00C04F79EFBC}") = "SudokuSolverTests", "SudokuSolverTests\SudokuSolverTests.csproj", "{80009691-BE65-4F91-91DB-DA244CBA5527}"
EndProject
Project("{FAE04EC0-301F-11D3-BF4B-00C04F79EFBD}") = "SudokuSolverWinForms", "SudokuSolverWinForms\SudokuSolverWinForms.csproj", "{9B84A03B-038F-4FE9-AFFA-DD64D749C86B}"
EndProject
Global
	GlobalSection(SolutionConfigurationPlatforms) = preSolution
		Debug|Any CPU = Debug|Any CPU
		Release|Any CPU = Release|Any CPU
	EndGlobalSection
	GlobalSection(ProjectConfigurationPlatforms) = postSolution
		{C3556DE7-3124-4995-8BBB-FD9DFF460193}.Debug|Any CPU.ActiveCfg = Debug|Any CPU
		{C3556DE7-3124-4995-8BBB-FD9DFF460193}.Debug|Any CPU.Build.0 = Debug|Any CPU
		{C3556DE7-3124-4995-8BBB-FD9DFF460193}.Release|Any CPU.ActiveCfg = Release|Any CPU
		{C3556DE7-3124-4995-8BBB-FD9DFF460193}.Release|Any CPU.Build.0 = Release|Any CPU
		{80009691-BE65-4F91-91DB-DA244CBA5527}.Debug|Any CPU.ActiveCfg = Debug|Any CPU
		{80009691-BE65-4F91-91DB-DA244CBA5527}.Debug|Any CPU.Build.0 = Debug|Any CPU
		{80009691-BE65-4F91-91DB-DA244CBA5527}.Release|Any CPU.ActiveCfg = Release|Any CPU
		{80009691-BE65-4F91-91DB-DA244CBA5527}.Release|Any CPU.Build.0 = Release|Any CPU
		{9B84A03B-038F-4FE9-AFFA-DD64D749C86B}.Debug|Any CPU.ActiveCfg = Debug|Any CPU
		{9B84A03B-038F-4FE9-AFFA-DD64D749C86B}.Debug|Any CPU.Build.0 = Debug|Any CPU
		{9B84A03B-038F-4FE9-AFFA-DD64D749C86B}.Release|Any CPU.ActiveCfg = Release|Any CPU
		{9B84A03B-038F-4FE9-AFFA-DD64D749C86B}.Release|Any CPU.Build.0 = Release|Any CPU
	EndGlobalSection
	GlobalSection(SolutionProperties) = preSolution
		HideSolutionNode = FALSE
	EndGlobalSection
	GlobalSection(ExtensibilityGlobals) = postSolution
		SolutionGuid = {80455E13-5CFE-4045-BADA-AD2B435FC912}
	EndGlobalSection
EndGlobal
